// !$*UTF8*$!
{
	archiveVersion = 1;
	classes = {
	};
	objectVersion = 46;
	objects = {

/* Begin PBXBuildFile section */
		582479791EF183C700565C17 /* GiphyPhotosViewController.swift in Sources */ = {isa = PBXBuildFile; fileRef = 582479781EF183C700565C17 /* GiphyPhotosViewController.swift */; };
		5824797B1EF183D200565C17 /* GiphyPhotoCell.swift in Sources */ = {isa = PBXBuildFile; fileRef = 5824797A1EF183D200565C17 /* GiphyPhotoCell.swift */; };
		58617D751EF02FDA00B3AFB3 /* AppDelegate.swift in Sources */ = {isa = PBXBuildFile; fileRef = 58617D741EF02FDA00B3AFB3 /* AppDelegate.swift */; };
		58617D7A1EF02FDA00B3AFB3 /* Main.storyboard in Resources */ = {isa = PBXBuildFile; fileRef = 58617D781EF02FDA00B3AFB3 /* Main.storyboard */; };
		58617D7C1EF02FDA00B3AFB3 /* Assets.xcassets in Resources */ = {isa = PBXBuildFile; fileRef = 58617D7B1EF02FDA00B3AFB3 /* Assets.xcassets */; };
		58617D7F1EF02FDA00B3AFB3 /* LaunchScreen.storyboard in Resources */ = {isa = PBXBuildFile; fileRef = 58617D7D1EF02FDA00B3AFB3 /* LaunchScreen.storyboard */; };
		58617D8C1EF0339600B3AFB3 /* iOSDevCenters+GIF.swift in Sources */ = {isa = PBXBuildFile; fileRef = 58617D871EF0339600B3AFB3 /* iOSDevCenters+GIF.swift */; };
		58617D8D1EF0339600B3AFB3 /* GiphyPhoto.swift in Sources */ = {isa = PBXBuildFile; fileRef = 58617D891EF0339600B3AFB3 /* GiphyPhoto.swift */; };
		58617D8E1EF0339600B3AFB3 /* GiphyService.swift in Sources */ = {isa = PBXBuildFile; fileRef = 58617D8B1EF0339600B3AFB3 /* GiphyService.swift */; };
/* End PBXBuildFile section */

/* Begin PBXFileReference section */
		582479781EF183C700565C17 /* GiphyPhotosViewController.swift */ = {isa = PBXFileReference; fileEncoding = 4; lastKnownFileType = sourcecode.swift; path = GiphyPhotosViewController.swift; sourceTree = "<group>"; };
		5824797A1EF183D200565C17 /* GiphyPhotoCell.swift */ = {isa = PBXFileReference; fileEncoding = 4; lastKnownFileType = sourcecode.swift; path = GiphyPhotoCell.swift; sourceTree = "<group>"; };
		58617D711EF02FDA00B3AFB3 /* giphy-test.app */ = {isa = PBXFileReference; explicitFileType = wrapper.application; includeInIndex = 0; path = "giphy-test.app"; sourceTree = BUILT_PRODUCTS_DIR; };
		58617D741EF02FDA00B3AFB3 /* AppDelegate.swift */ = {isa = PBXFileReference; lastKnownFileType = sourcecode.swift; path = AppDelegate.swift; sourceTree = "<group>"; };
		58617D791EF02FDA00B3AFB3 /* Base */ = {isa = PBXFileReference; lastKnownFileType = file.storyboard; name = Base; path = Base.lproj/Main.storyboard; sourceTree = "<group>"; };
		58617D7B1EF02FDA00B3AFB3 /* Assets.xcassets */ = {isa = PBXFileReference; lastKnownFileType = folder.assetcatalog; path = Assets.xcassets; sourceTree = "<group>"; };
		58617D7E1EF02FDA00B3AFB3 /* Base */ = {isa = PBXFileReference; lastKnownFileType = file.storyboard; name = Base; path = Base.lproj/LaunchScreen.storyboard; sourceTree = "<group>"; };
		58617D801EF02FDA00B3AFB3 /* Info.plist */ = {isa = PBXFileReference; lastKnownFileType = text.plist.xml; path = Info.plist; sourceTree = "<group>"; };
		58617D871EF0339600B3AFB3 /* iOSDevCenters+GIF.swift */ = {isa = PBXFileReference; fileEncoding = 4; lastKnownFileType = sourcecode.swift; path = "iOSDevCenters+GIF.swift"; sourceTree = "<group>"; };
		58617D891EF0339600B3AFB3 /* GiphyPhoto.swift */ = {isa = PBXFileReference; fileEncoding = 4; lastKnownFileType = sourcecode.swift; path = GiphyPhoto.swift; sourceTree = "<group>"; };
		58617D8B1EF0339600B3AFB3 /* GiphyService.swift */ = {isa = PBXFileReference; fileEncoding = 4; lastKnownFileType = sourcecode.swift; path = GiphyService.swift; sourceTree = "<group>"; };
/* End PBXFileReference section */

/* Begin PBXFrameworksBuildPhase section */
		58617D6E1EF02FDA00B3AFB3 /* Frameworks */ = {
			isa = PBXFrameworksBuildPhase;
			buildActionMask = 2147483647;
			files = (
			);
			runOnlyForDeploymentPostprocessing = 0;
		};
/* End PBXFrameworksBuildPhase section */

/* Begin PBXGroup section */
		582479761EF1812700565C17 /* cells */ = {
			isa = PBXGroup;
			children = (
				5824797A1EF183D200565C17 /* GiphyPhotoCell.swift */,
			);
			path = cells;
			sourceTree = "<group>";
		};
		582479771EF1812700565C17 /* controllers */ = {
			isa = PBXGroup;
			children = (
				582479781EF183C700565C17 /* GiphyPhotosViewController.swift */,
			);
			path = controllers;
			sourceTree = "<group>";
		};
		58617D681EF02FD900B3AFB3 = {
			isa = PBXGroup;
			children = (
				58617D731EF02FDA00B3AFB3 /* giphy-test */,
				58617D721EF02FDA00B3AFB3 /* Products */,
			);
			sourceTree = "<group>";
		};
		58617D721EF02FDA00B3AFB3 /* Products */ = {
			isa = PBXGroup;
			children = (
				58617D711EF02FDA00B3AFB3 /* giphy-test.app */,
			);
			name = Products;
			sourceTree = "<group>";
		};
		58617D731EF02FDA00B3AFB3 /* giphy-test */ = {
			isa = PBXGroup;
			children = (
				582479761EF1812700565C17 /* cells */,
				582479771EF1812700565C17 /* controllers */,
				58617D861EF0339600B3AFB3 /* libs */,
				58617D881EF0339600B3AFB3 /* model */,
				58617D8A1EF0339600B3AFB3 /* services */,
				58617D741EF02FDA00B3AFB3 /* AppDelegate.swift */,
				58617D781EF02FDA00B3AFB3 /* Main.storyboard */,
				58617D7B1EF02FDA00B3AFB3 /* Assets.xcassets */,
				58617D7D1EF02FDA00B3AFB3 /* LaunchScreen.storyboard */,
				58617D801EF02FDA00B3AFB3 /* Info.plist */,
			);
			path = "giphy-test";
			sourceTree = "<group>";
		};
		58617D861EF0339600B3AFB3 /* libs */ = {
			isa = PBXGroup;
			children = (
				58617D871EF0339600B3AFB3 /* iOSDevCenters+GIF.swift */,
			);
			path = libs;
			sourceTree = "<group>";
		};
		58617D881EF0339600B3AFB3 /* model */ = {
			isa = PBXGroup;
			children = (
				58617D891EF0339600B3AFB3 /* GiphyPhoto.swift */,
			);
			path = model;
			sourceTree = "<group>";
		};
		58617D8A1EF0339600B3AFB3 /* services */ = {
			isa = PBXGroup;
			children = (
				58617D8B1EF0339600B3AFB3 /* GiphyService.swift */,
			);
			path = services;
			sourceTree = "<group>";
		};
/* End PBXGroup section */

/* Begin PBXNativeTarget section */
		58617D701EF02FDA00B3AFB3 /* giphy-test */ = {
			isa = PBXNativeTarget;
			buildConfigurationList = 58617D831EF02FDA00B3AFB3 /* Build configuration list for PBXNativeTarget "giphy-test" */;
			buildPhases = (
				58617D6D1EF02FDA00B3AFB3 /* Sources */,
				58617D6E1EF02FDA00B3AFB3 /* Frameworks */,
				58617D6F1EF02FDA00B3AFB3 /* Resources */,
			);
			buildRules = (
			);
			dependencies = (
			);
			name = "giphy-test";
			productName = "giphy-test";
			productReference = 58617D711EF02FDA00B3AFB3 /* giphy-test.app */;
			productType = "com.apple.product-type.application";
		};
/* End PBXNativeTarget section */

/* Begin PBXProject section */
		58617D691EF02FD900B3AFB3 /* Project object */ = {
			isa = PBXProject;
			attributes = {
				LastSwiftUpdateCheck = 0830;
				LastUpgradeCheck = 0830;
				ORGANIZATIONNAME = com.ferran.alvarez;
				TargetAttributes = {
					58617D701EF02FDA00B3AFB3 = {
						CreatedOnToolsVersion = 8.3.3;
						DevelopmentTeam = 46Q9S24DYT;
						ProvisioningStyle = Automatic;
					};
				};
			};
			buildConfigurationList = 58617D6C1EF02FD900B3AFB3 /* Build configuration list for PBXProject "giphy-test" */;
			compatibilityVersion = "Xcode 3.2";
			developmentRegion = English;
			hasScannedForEncodings = 0;
			knownRegions = (
				en,
				Base,
			);
			mainGroup = 58617D681EF02FD900B3AFB3;
			productRefGroup = 58617D721EF02FDA00B3AFB3 /* Products */;
			projectDirPath = "";
			projectRoot = "";
			targets = (
				58617D701EF02FDA00B3AFB3 /* giphy-test */,
			);
		};
/* End PBXProject section */

/* Begin PBXResourcesBuildPhase section */
		58617D6F1EF02FDA00B3AFB3 /* Resources */ = {
			isa = PBXResourcesBuildPhase;
			buildActionMask = 2147483647;
			files = (
				58617D7F1EF02FDA00B3AFB3 /* LaunchScreen.storyboard in Resources */,
				58617D7C1EF02FDA00B3AFB3 /* Assets.xcassets in Resources */,
				58617D7A1EF02FDA00B3AFB3 /* Main.storyboard in Resources */,
			);
			runOnlyForDeploymentPostprocessing = 0;
		};
/* End PBXResourcesBuildPhase section */

/* Begin PBXSourcesBuildPhase section */
		58617D6D1EF02FDA00B3AFB3 /* Sources */ = {
			isa = PBXSourcesBuildPhase;
			buildActionMask = 2147483647;
			files = (
				58617D8C1EF0339600B3AFB3 /* iOSDevCenters+GIF.swift in Sources */,
				58617D8D1EF0339600B3AFB3 /* GiphyPhoto.swift in Sources */,
				5824797B1EF183D200565C17 /* GiphyPhotoCell.swift in Sources */,
				582479791EF183C700565C17 /* GiphyPhotosViewController.swift in Sources */,
				58617D751EF02FDA00B3AFB3 /* AppDelegate.swift in Sources */,
				58617D8E1EF0339600B3AFB3 /* GiphyService.swift in Sources */,
			);
			runOnlyForDeploymentPostprocessing = 0;
		};
/* End PBXSourcesBuildPhase section */

/* Begin PBXVariantGroup section */
		58617D781EF02FDA00B3AFB3 /* Main.storyboard */ = {
			isa = PBXVariantGroup;
			children = (
				58617D791EF02FDA00B3AFB3 /* Base */,
			);
			name = Main.storyboard;
			sourceTree = "<group>";
		};
		58617D7D1EF02FDA00B3AFB3 /* LaunchScreen.storyboard */ = {
			isa = PBXVariantGroup;
			children = (
				58617D7E1EF02FDA00B3AFB3 /* Base */,
			);
			name = LaunchScreen.storyboard;
			sourceTree = "<group>";
		};
/* End PBXVariantGroup section */

/* Begin XCBuildConfiguration section */
		58617D811EF02FDA00B3AFB3 /* Debug */ = {
			isa = XCBuildConfiguration;
			buildSettings = {
				ALWAYS_SEARCH_USER_PATHS = NO;
				CLANG_ANALYZER_NONNULL = YES;
				CLANG_ANALYZER_NUMBER_OBJECT_CONVERSION = YES_AGGRESSIVE;
				CLANG_CXX_LANGUAGE_STANDARD = "gnu++0x";
				CLANG_CXX_LIBRARY = "libc++";
				CLANG_ENABLE_MODULES = YES;
				CLANG_ENABLE_OBJC_ARC = YES;
				CLANG_WARN_BOOL_CONVERSION = YES;
				CLANG_WARN_CONSTANT_CONVERSION = YES;
				CLANG_WARN_DIRECT_OBJC_ISA_USAGE = YES_ERROR;
				CLANG_WARN_DOCUMENTATION_COMMENTS = YES;
				CLANG_WARN_EMPTY_BODY = YES;
				CLANG_WARN_ENUM_CONVERSION = YES;
				CLANG_WARN_INFINITE_RECURSION = YES;
				CLANG_WARN_INT_CONVERSION = YES;
				CLANG_WARN_OBJC_ROOT_CLASS = YES_ERROR;
				CLANG_WARN_SUSPICIOUS_MOVE = YES;
				CLANG_WARN_UNREACHABLE_CODE = YES;
				CLANG_WARN__DUPLICATE_METHOD_MATCH = YES;
				"CODE_SIGN_IDENTITY[sdk=iphoneos*]" = "iPhone Developer";
				COPY_PHASE_STRIP = NO;
				DEBUG_INFORMATION_FORMAT = dwarf;
				ENABLE_STRICT_OBJC_MSGSEND = YES;
				ENABLE_TESTABILITY = YES;
				GCC_C_LANGUAGE_STANDARD = gnu99;
				GCC_DYNAMIC_NO_PIC = NO;
				GCC_NO_COMMON_BLOCKS = YES;
				GCC_OPTIMIZATION_LEVEL = 0;
				GCC_PREPROCESSOR_DEFINITIONS = (
					"DEBUG=1",
					"$(inherited)",
				);
				GCC_WARN_64_TO_32_BIT_CONVERSION = YES;
				GCC_WARN_ABOUT_RETURN_TYPE = YES_ERROR;
				GCC_WARN_UNDECLARED_SELECTOR = YES;
				GCC_WARN_UNINITIALIZED_AUTOS = YES_AGGRESSIVE;
				GCC_WARN_UNUSED_FUNCTION = YES;
				GCC_WARN_UNUSED_VARIABLE = YES;
				IPHONEOS_DEPLOYMENT_TARGET = 10.3;
				MTL_ENABLE_DEBUG_INFO = YES;
				ONLY_ACTIVE_ARCH = YES;
				SDKROOT = iphoneos;
				SWIFT_ACTIVE_COMPILATION_CONDITIONS = DEBUG;
				SWIFT_OPTIMIZATION_LEVEL = "-Onone";
				TARGETED_DEVICE_FAMILY = "1,2";
			};
			name = Debug;
		};
		58617D821EF02FDA00B3AFB3 /* Release */ = {
			isa = XCBuildConfiguration;
			buildSettings = {
				ALWAYS_SEARCH_USER_PATHS = NO;
				CLANG_ANALYZER_NONNULL = YES;
				CLANG_ANALYZER_NUMBER_OBJECT_CONVERSION = YES_AGGRESSIVE;
				CLANG_CXX_LANGUAGE_STANDARD = "gnu++0x";
				CLANG_CXX_LIBRARY = "libc++";
				CLANG_ENABLE_MODULES = YES;
				CLANG_ENABLE_OBJC_ARC = YES;
				CLANG_WARN_BOOL_CONVERSION = YES;
				CLANG_WARN_CONSTANT_CONVERSION = YES;
				CLANG_WARN_DIRECT_OBJC_ISA_USAGE = YES_ERROR;
				CLANG_WARN_DOCUMENTATION_COMMENTS = YES;
				CLANG_WARN_EMPTY_BODY = YES;
				CLANG_WARN_ENUM_CONVERSION = YES;
				CLANG_WARN_INFINITE_RECURSION = YES;
				CLANG_WARN_INT_CONVERSION = YES;
				CLANG_WARN_OBJC_ROOT_CLASS = YES_ERROR;
				CLANG_WARN_SUSPICIOUS_MOVE = YES;
				CLANG_WARN_UNREACHABLE_CODE = YES;
				CLANG_WARN__DUPLICATE_METHOD_MATCH = YES;
				"CODE_SIGN_IDENTITY[sdk=iphoneos*]" = "iPhone Developer";
				COPY_PHASE_STRIP = NO;
				DEBUG_INFORMATION_FORMAT = "dwarf-with-dsym";
				ENABLE_NS_ASSERTIONS = NO;
				ENABLE_STRICT_OBJC_MSGSEND = YES;
				GCC_C_LANGUAGE_STANDARD = gnu99;
				GCC_NO_COMMON_BLOCKS = YES;
				GCC_WARN_64_TO_32_BIT_CONVERSION = YES;
				GCC_WARN_ABOUT_RETURN_TYPE = YES_ERROR;
				GCC_WARN_UNDECLARED_SELECTOR = YES;
				GCC_WARN_UNINITIALIZED_AUTOS = YES_AGGRESSIVE;
				GCC_WARN_UNUSED_FUNCTION = YES;
				GCC_WARN_UNUSED_VARIABLE = YES;
				IPHONEOS_DEPLOYMENT_TARGET = 10.3;
				MTL_ENABLE_DEBUG_INFO = NO;
				SDKROOT = iphoneos;
				SWIFT_OPTIMIZATION_LEVEL = "-Owholemodule";
				TARGETED_DEVICE_FAMILY = "1,2";
				VALIDATE_PRODUCT = YES;
			};
			name = Release;
		};
		58617D841EF02FDA00B3AFB3 /* Debug */ = {
			isa = XCBuildConfiguration;
			buildSettings = {
				ASSETCATALOG_COMPILER_APPICON_NAME = AppIcon;
				DEVELOPMENT_TEAM = 46Q9S24DYT;
				INFOPLIST_FILE = "giphy-test/Info.plist";
				LD_RUNPATH_SEARCH_PATHS = "$(inherited) @executable_path/Frameworks";
				PRODUCT_BUNDLE_IDENTIFIER = "com.ferranalvarez.giphy-test";
				PRODUCT_NAME = "$(TARGET_NAME)";
				SWIFT_VERSION = 3.0;
			};
			name = Debug;
		};
		58617D851EF02FDA00B3AFB3 /* Release */ = {
			isa = XCBuildConfiguration;
			buildSettings = {
				ASSETCATALOG_COMPILER_APPICON_NAME = AppIcon;
				DEVELOPMENT_TEAM = 46Q9S24DYT;
				INFOPLIST_FILE = "giphy-test/Info.plist";
				LD_RUNPATH_SEARCH_PATHS = "$(inherited) @executable_path/Frameworks";
				PRODUCT_BUNDLE_IDENTIFIER = "com.ferranalvarez.giphy-test";
				PRODUCT_NAME = "$(TARGET_NAME)";
				SWIFT_VERSION = 3.0;
			};
			name = Release;
		};
/* End XCBuildConfiguration section */

/* Begin XCConfigurationList section */
		58617D6C1EF02FD900B3AFB3 /* Build configuration list for PBXProject "giphy-test" */ = {
			isa = XCConfigurationList;
			buildConfigurations = (
				58617D811EF02FDA00B3AFB3 /* Debug */,
				58617D821EF02FDA00B3AFB3 /* Release */,
			);
			defaultConfigurationIsVisible = 0;
			defaultConfigurationName = Release;
		};
		58617D831EF02FDA00B3AFB3 /* Build configuration list for PBXNativeTarget "giphy-test" */ = {
			isa = XCConfigurationList;
			buildConfigurations = (
				58617D841EF02FDA00B3AFB3 /* Debug */,
				58617D851EF02FDA00B3AFB3 /* Release */,
			);
			defaultConfigurationIsVisible = 0;
			defaultConfigurationName = Release;
		};
/* End XCConfigurationList section */
	};
	rootObject = 58617D691EF02FD900B3AFB3 /* Project object */;
}
